// !$*UTF8*$!
{
	archiveVersion = 1;
	classes = {
	};
	objectVersion = 56;
	objects = {

/* Begin PBXBuildFile section */
		A91986672BE2CB3C002CB350 /* Ejercicio02App.swift in Sources */ = {isa = PBXBuildFile; fileRef = A91986662BE2CB3C002CB350 /* Ejercicio02App.swift */; };
		A91986692BE2CB3C002CB350 /* ContentView.swift in Sources */ = {isa = PBXBuildFile; fileRef = A91986682BE2CB3C002CB350 /* ContentView.swift */; };
		A919866B2BE2CB3D002CB350 /* Assets.xcassets in Resources */ = {isa = PBXBuildFile; fileRef = A919866A2BE2CB3D002CB350 /* Assets.xcassets */; };
		A919866E2BE2CB3D002CB350 /* Preview Assets.xcassets in Resources */ = {isa = PBXBuildFile; fileRef = A919866D2BE2CB3D002CB350 /* Preview Assets.xcassets */; };
		A91986782BE2CB3D002CB350 /* Ejercicio02Tests.swift in Sources */ = {isa = PBXBuildFile; fileRef = A91986772BE2CB3D002CB350 /* Ejercicio02Tests.swift */; };
		A91986822BE2CB3E002CB350 /* Ejercicio02UITests.swift in Sources */ = {isa = PBXBuildFile; fileRef = A91986812BE2CB3E002CB350 /* Ejercicio02UITests.swift */; };
		A91986842BE2CB3E002CB350 /* Ejercicio02UITestsLaunchTests.swift in Sources */ = {isa = PBXBuildFile; fileRef = A91986832BE2CB3E002CB350 /* Ejercicio02UITestsLaunchTests.swift */; };
		A9744BD22BE8FF15003E7D91 /* DetailView.swift in Sources */ = {isa = PBXBuildFile; fileRef = A9744BD12BE8FF15003E7D91 /* DetailView.swift */; };
		A9744BD52BE9357D003E7D91 /* CircleCalculator.swift in Sources */ = {isa = PBXBuildFile; fileRef = A9744BD42BE9357D003E7D91 /* CircleCalculator.swift */; };
		A9744BD72BE936E6003E7D91 /* SquareCalculator.swift in Sources */ = {isa = PBXBuildFile; fileRef = A9744BD62BE936E6003E7D91 /* SquareCalculator.swift */; };
		A9744BD92BE938AE003E7D91 /* RectangleCalculator.swift in Sources */ = {isa = PBXBuildFile; fileRef = A9744BD82BE938AE003E7D91 /* RectangleCalculator.swift */; };
		A9E673A82BE87183004E1FCF /* dateGeometry.swift in Sources */ = {isa = PBXBuildFile; fileRef = A9E673A72BE87183004E1FCF /* dateGeometry.swift */; };
/* End PBXBuildFile section */

/* Begin PBXContainerItemProxy section */
		A91986742BE2CB3D002CB350 /* PBXContainerItemProxy */ = {
			isa = PBXContainerItemProxy;
			containerPortal = A919865B2BE2CB3C002CB350 /* Project object */;
			proxyType = 1;
			remoteGlobalIDString = A91986622BE2CB3C002CB350;
			remoteInfo = Ejercicio02;
		};
		A919867E2BE2CB3E002CB350 /* PBXContainerItemProxy */ = {
			isa = PBXContainerItemProxy;
			containerPortal = A919865B2BE2CB3C002CB350 /* Project object */;
			proxyType = 1;
			remoteGlobalIDString = A91986622BE2CB3C002CB350;
			remoteInfo = Ejercicio02;
		};
/* End PBXContainerItemProxy section */

/* Begin PBXFileReference section */
		A91986632BE2CB3C002CB350 /* Ejercicio02.app */ = {isa = PBXFileReference; explicitFileType = wrapper.application; includeInIndex = 0; path = Ejercicio02.app; sourceTree = BUILT_PRODUCTS_DIR; };
		A91986662BE2CB3C002CB350 /* Ejercicio02App.swift */ = {isa = PBXFileReference; lastKnownFileType = sourcecode.swift; path = Ejercicio02App.swift; sourceTree = "<group>"; };
		A91986682BE2CB3C002CB350 /* ContentView.swift */ = {isa = PBXFileReference; lastKnownFileType = sourcecode.swift; path = ContentView.swift; sourceTree = "<group>"; };
		A919866A2BE2CB3D002CB350 /* Assets.xcassets */ = {isa = PBXFileReference; lastKnownFileType = folder.assetcatalog; path = Assets.xcassets; sourceTree = "<group>"; };
		A919866D2BE2CB3D002CB350 /* Preview Assets.xcassets */ = {isa = PBXFileReference; lastKnownFileType = folder.assetcatalog; path = "Preview Assets.xcassets"; sourceTree = "<group>"; };
		A91986732BE2CB3D002CB350 /* Ejercicio02Tests.xctest */ = {isa = PBXFileReference; explicitFileType = wrapper.cfbundle; includeInIndex = 0; path = Ejercicio02Tests.xctest; sourceTree = BUILT_PRODUCTS_DIR; };
		A91986772BE2CB3D002CB350 /* Ejercicio02Tests.swift */ = {isa = PBXFileReference; lastKnownFileType = sourcecode.swift; path = Ejercicio02Tests.swift; sourceTree = "<group>"; };
		A919867D2BE2CB3E002CB350 /* Ejercicio02UITests.xctest */ = {isa = PBXFileReference; explicitFileType = wrapper.cfbundle; includeInIndex = 0; path = Ejercicio02UITests.xctest; sourceTree = BUILT_PRODUCTS_DIR; };
		A91986812BE2CB3E002CB350 /* Ejercicio02UITests.swift */ = {isa = PBXFileReference; lastKnownFileType = sourcecode.swift; path = Ejercicio02UITests.swift; sourceTree = "<group>"; };
		A91986832BE2CB3E002CB350 /* Ejercicio02UITestsLaunchTests.swift */ = {isa = PBXFileReference; lastKnownFileType = sourcecode.swift; path = Ejercicio02UITestsLaunchTests.swift; sourceTree = "<group>"; };
		A9744BD12BE8FF15003E7D91 /* DetailView.swift */ = {isa = PBXFileReference; lastKnownFileType = sourcecode.swift; path = DetailView.swift; sourceTree = "<group>"; };
		A9744BD42BE9357D003E7D91 /* CircleCalculator.swift */ = {isa = PBXFileReference; lastKnownFileType = sourcecode.swift; path = CircleCalculator.swift; sourceTree = "<group>"; };
		A9744BD62BE936E6003E7D91 /* SquareCalculator.swift */ = {isa = PBXFileReference; lastKnownFileType = sourcecode.swift; path = SquareCalculator.swift; sourceTree = "<group>"; };
		A9744BD82BE938AE003E7D91 /* RectangleCalculator.swift */ = {isa = PBXFileReference; lastKnownFileType = sourcecode.swift; path = RectangleCalculator.swift; sourceTree = "<group>"; };
		A9E673A72BE87183004E1FCF /* dateGeometry.swift */ = {isa = PBXFileReference; lastKnownFileType = sourcecode.swift; path = dateGeometry.swift; sourceTree = "<group>"; };
/* End PBXFileReference section */

/* Begin PBXFrameworksBuildPhase section */
		A91986602BE2CB3C002CB350 /* Frameworks */ = {
			isa = PBXFrameworksBuildPhase;
			buildActionMask = 2147483647;
			files = (
			);
			runOnlyForDeploymentPostprocessing = 0;
		};
		A91986702BE2CB3D002CB350 /* Frameworks */ = {
			isa = PBXFrameworksBuildPhase;
			buildActionMask = 2147483647;
			files = (
			);
			runOnlyForDeploymentPostprocessing = 0;
		};
		A919867A2BE2CB3E002CB350 /* Frameworks */ = {
			isa = PBXFrameworksBuildPhase;
			buildActionMask = 2147483647;
			files = (
			);
			runOnlyForDeploymentPostprocessing = 0;
		};
/* End PBXFrameworksBuildPhase section */

/* Begin PBXGroup section */
		A919865A2BE2CB3C002CB350 = {
			isa = PBXGroup;
			children = (
				A91986652BE2CB3C002CB350 /* Ejercicio02 */,
				A91986762BE2CB3D002CB350 /* Ejercicio02Tests */,
				A91986802BE2CB3E002CB350 /* Ejercicio02UITests */,
				A91986642BE2CB3C002CB350 /* Products */,
			);
			sourceTree = "<group>";
		};
		A91986642BE2CB3C002CB350 /* Products */ = {
			isa = PBXGroup;
			children = (
				A91986632BE2CB3C002CB350 /* Ejercicio02.app */,
				A91986732BE2CB3D002CB350 /* Ejercicio02Tests.xctest */,
				A919867D2BE2CB3E002CB350 /* Ejercicio02UITests.xctest */,
			);
			name = Products;
			sourceTree = "<group>";
		};
		A91986652BE2CB3C002CB350 /* Ejercicio02 */ = {
			isa = PBXGroup;
			children = (
				A9744BD32BE92EE5003E7D91 /* ViewModel */,
				A9E673A62BE8714E004E1FCF /* Data */,
				A9220E702BE2F141006FCA4C /* UI */,
				A919866A2BE2CB3D002CB350 /* Assets.xcassets */,
				A919866C2BE2CB3D002CB350 /* Preview Content */,
			);
			path = Ejercicio02;
			sourceTree = "<group>";
		};
		A919866C2BE2CB3D002CB350 /* Preview Content */ = {
			isa = PBXGroup;
			children = (
				A919866D2BE2CB3D002CB350 /* Preview Assets.xcassets */,
			);
			path = "Preview Content";
			sourceTree = "<group>";
		};
		A91986762BE2CB3D002CB350 /* Ejercicio02Tests */ = {
			isa = PBXGroup;
			children = (
				A91986772BE2CB3D002CB350 /* Ejercicio02Tests.swift */,
			);
			path = Ejercicio02Tests;
			sourceTree = "<group>";
		};
		A91986802BE2CB3E002CB350 /* Ejercicio02UITests */ = {
			isa = PBXGroup;
			children = (
				A91986812BE2CB3E002CB350 /* Ejercicio02UITests.swift */,
				A91986832BE2CB3E002CB350 /* Ejercicio02UITestsLaunchTests.swift */,
			);
			path = Ejercicio02UITests;
			sourceTree = "<group>";
		};
		A9220E702BE2F141006FCA4C /* UI */ = {
			isa = PBXGroup;
			children = (
				A91986662BE2CB3C002CB350 /* Ejercicio02App.swift */,
				A91986682BE2CB3C002CB350 /* ContentView.swift */,
				A9744BD12BE8FF15003E7D91 /* DetailView.swift */,
			);
			name = UI;
			sourceTree = "<group>";
		};
		A9744BD32BE92EE5003E7D91 /* ViewModel */ = {
			isa = PBXGroup;
			children = (
				A9744BD42BE9357D003E7D91 /* CircleCalculator.swift */,
				A9744BD62BE936E6003E7D91 /* SquareCalculator.swift */,
				A9744BD82BE938AE003E7D91 /* RectangleCalculator.swift */,
			);
			path = ViewModel;
			sourceTree = "<group>";
		};
		A9E673A62BE8714E004E1FCF /* Data */ = {
			isa = PBXGroup;
			children = (
				A9E673A72BE87183004E1FCF /* dateGeometry.swift */,
			);
			name = Data;
			sourceTree = "<group>";
		};
/* End PBXGroup section */

/* Begin PBXNativeTarget section */
		A91986622BE2CB3C002CB350 /* Ejercicio02 */ = {
			isa = PBXNativeTarget;
			buildConfigurationList = A91986872BE2CB3E002CB350 /* Build configuration list for PBXNativeTarget "Ejercicio02" */;
			buildPhases = (
				A919865F2BE2CB3C002CB350 /* Sources */,
				A91986602BE2CB3C002CB350 /* Frameworks */,
				A91986612BE2CB3C002CB350 /* Resources */,
			);
			buildRules = (
			);
			dependencies = (
			);
			name = Ejercicio02;
			productName = Ejercicio02;
			productReference = A91986632BE2CB3C002CB350 /* Ejercicio02.app */;
			productType = "com.apple.product-type.application";
		};
		A91986722BE2CB3D002CB350 /* Ejercicio02Tests */ = {
			isa = PBXNativeTarget;
			buildConfigurationList = A919868A2BE2CB3E002CB350 /* Build configuration list for PBXNativeTarget "Ejercicio02Tests" */;
			buildPhases = (
				A919866F2BE2CB3D002CB350 /* Sources */,
				A91986702BE2CB3D002CB350 /* Frameworks */,
				A91986712BE2CB3D002CB350 /* Resources */,
			);
			buildRules = (
			);
			dependencies = (
				A91986752BE2CB3D002CB350 /* PBXTargetDependency */,
			);
			name = Ejercicio02Tests;
			productName = Ejercicio02Tests;
			productReference = A91986732BE2CB3D002CB350 /* Ejercicio02Tests.xctest */;
			productType = "com.apple.product-type.bundle.unit-test";
		};
		A919867C2BE2CB3E002CB350 /* Ejercicio02UITests */ = {
			isa = PBXNativeTarget;
			buildConfigurationList = A919868D2BE2CB3E002CB350 /* Build configuration list for PBXNativeTarget "Ejercicio02UITests" */;
			buildPhases = (
				A91986792BE2CB3E002CB350 /* Sources */,
				A919867A2BE2CB3E002CB350 /* Frameworks */,
				A919867B2BE2CB3E002CB350 /* Resources */,
			);
			buildRules = (
			);
			dependencies = (
				A919867F2BE2CB3E002CB350 /* PBXTargetDependency */,
			);
			name = Ejercicio02UITests;
			productName = Ejercicio02UITests;
			productReference = A919867D2BE2CB3E002CB350 /* Ejercicio02UITests.xctest */;
			productType = "com.apple.product-type.bundle.ui-testing";
		};
/* End PBXNativeTarget section */

/* Begin PBXProject section */
		A919865B2BE2CB3C002CB350 /* Project object */ = {
			isa = PBXProject;
			attributes = {
				BuildIndependentTargetsInParallel = 1;
				LastSwiftUpdateCheck = 1530;
				LastUpgradeCheck = 1530;
				TargetAttributes = {
					A91986622BE2CB3C002CB350 = {
						CreatedOnToolsVersion = 15.3;
					};
					A91986722BE2CB3D002CB350 = {
						CreatedOnToolsVersion = 15.3;
						TestTargetID = A91986622BE2CB3C002CB350;
					};
					A919867C2BE2CB3E002CB350 = {
						CreatedOnToolsVersion = 15.3;
						TestTargetID = A91986622BE2CB3C002CB350;
					};
				};
			};
			buildConfigurationList = A919865E2BE2CB3C002CB350 /* Build configuration list for PBXProject "Ejercicio02" */;
			compatibilityVersion = "Xcode 14.0";
			developmentRegion = en;
			hasScannedForEncodings = 0;
			knownRegions = (
				en,
				Base,
			);
			mainGroup = A919865A2BE2CB3C002CB350;
			productRefGroup = A91986642BE2CB3C002CB350 /* Products */;
			projectDirPath = "";
			projectRoot = "";
			targets = (
				A91986622BE2CB3C002CB350 /* Ejercicio02 */,
				A91986722BE2CB3D002CB350 /* Ejercicio02Tests */,
				A919867C2BE2CB3E002CB350 /* Ejercicio02UITests */,
			);
		};
/* End PBXProject section */

/* Begin PBXResourcesBuildPhase section */
		A91986612BE2CB3C002CB350 /* Resources */ = {
			isa = PBXResourcesBuildPhase;
			buildActionMask = 2147483647;
			files = (
				A919866E2BE2CB3D002CB350 /* Preview Assets.xcassets in Resources */,
				A919866B2BE2CB3D002CB350 /* Assets.xcassets in Resources */,
			);
			runOnlyForDeploymentPostprocessing = 0;
		};
		A91986712BE2CB3D002CB350 /* Resources */ = {
			isa = PBXResourcesBuildPhase;
			buildActionMask = 2147483647;
			files = (
			);
			runOnlyForDeploymentPostprocessing = 0;
		};
		A919867B2BE2CB3E002CB350 /* Resources */ = {
			isa = PBXResourcesBuildPhase;
			buildActionMask = 2147483647;
			files = (
			);
			runOnlyForDeploymentPostprocessing = 0;
		};
/* End PBXResourcesBuildPhase section */

/* Begin PBXSourcesBuildPhase section */
		A919865F2BE2CB3C002CB350 /* Sources */ = {
			isa = PBXSourcesBuildPhase;
			buildActionMask = 2147483647;
			files = (
				A9E673A82BE87183004E1FCF /* dateGeometry.swift in Sources */,
				A9744BD52BE9357D003E7D91 /* CircleCalculator.swift in Sources */,
				A9744BD22BE8FF15003E7D91 /* DetailView.swift in Sources */,
				A9744BD92BE938AE003E7D91 /* RectangleCalculator.swift in Sources */,
				A91986692BE2CB3C002CB350 /* ContentView.swift in Sources */,
				A9744BD72BE936E6003E7D91 /* SquareCalculator.swift in Sources */,
				A91986672BE2CB3C002CB350 /* Ejercicio02App.swift in Sources */,
			);
			runOnlyForDeploymentPostprocessing = 0;
		};
		A919866F2BE2CB3D002CB350 /* Sources */ = {
			isa = PBXSourcesBuildPhase;
			buildActionMask = 2147483647;
			files = (
				A91986782BE2CB3D002CB350 /* Ejercicio02Tests.swift in Sources */,
			);
			runOnlyForDeploymentPostprocessing = 0;
		};
		A91986792BE2CB3E002CB350 /* Sources */ = {
			isa = PBXSourcesBuildPhase;
			buildActionMask = 2147483647;
			files = (
				A91986842BE2CB3E002CB350 /* Ejercicio02UITestsLaunchTests.swift in Sources */,
				A91986822BE2CB3E002CB350 /* Ejercicio02UITests.swift in Sources */,
			);
			runOnlyForDeploymentPostprocessing = 0;
		};
/* End PBXSourcesBuildPhase section */

/* Begin PBXTargetDependency section */
		A91986752BE2CB3D002CB350 /* PBXTargetDependency */ = {
			isa = PBXTargetDependency;
			target = A91986622BE2CB3C002CB350 /* Ejercicio02 */;
			targetProxy = A91986742BE2CB3D002CB350 /* PBXContainerItemProxy */;
		};
		A919867F2BE2CB3E002CB350 /* PBXTargetDependency */ = {
			isa = PBXTargetDependency;
			target = A91986622BE2CB3C002CB350 /* Ejercicio02 */;
			targetProxy = A919867E2BE2CB3E002CB350 /* PBXContainerItemProxy */;
		};
/* End PBXTargetDependency section */

/* Begin XCBuildConfiguration section */
		A91986852BE2CB3E002CB350 /* Debug */ = {
			isa = XCBuildConfiguration;
			buildSettings = {
				ALWAYS_SEARCH_USER_PATHS = NO;
				ASSETCATALOG_COMPILER_GENERATE_SWIFT_ASSET_SYMBOL_EXTENSIONS = YES;
				CLANG_ANALYZER_NONNULL = YES;
				CLANG_ANALYZER_NUMBER_OBJECT_CONVERSION = YES_AGGRESSIVE;
				CLANG_CXX_LANGUAGE_STANDARD = "gnu++20";
				CLANG_ENABLE_MODULES = YES;
				CLANG_ENABLE_OBJC_ARC = YES;
				CLANG_ENABLE_OBJC_WEAK = YES;
				CLANG_WARN_BLOCK_CAPTURE_AUTORELEASING = YES;
				CLANG_WARN_BOOL_CONVERSION = YES;
				CLANG_WARN_COMMA = YES;
				CLANG_WARN_CONSTANT_CONVERSION = YES;
				CLANG_WARN_DEPRECATED_OBJC_IMPLEMENTATIONS = YES;
				CLANG_WARN_DIRECT_OBJC_ISA_USAGE = YES_ERROR;
				CLANG_WARN_DOCUMENTATION_COMMENTS = YES;
				CLANG_WARN_EMPTY_BODY = YES;
				CLANG_WARN_ENUM_CONVERSION = YES;
				CLANG_WARN_INFINITE_RECURSION = YES;
				CLANG_WARN_INT_CONVERSION = YES;
				CLANG_WARN_NON_LITERAL_NULL_CONVERSION = YES;
				CLANG_WARN_OBJC_IMPLICIT_RETAIN_SELF = YES;
				CLANG_WARN_OBJC_LITERAL_CONVERSION = YES;
				CLANG_WARN_OBJC_ROOT_CLASS = YES_ERROR;
				CLANG_WARN_QUOTED_INCLUDE_IN_FRAMEWORK_HEADER = YES;
				CLANG_WARN_RANGE_LOOP_ANALYSIS = YES;
				CLANG_WARN_STRICT_PROTOTYPES = YES;
				CLANG_WARN_SUSPICIOUS_MOVE = YES;
				CLANG_WARN_UNGUARDED_AVAILABILITY = YES_AGGRESSIVE;
				CLANG_WARN_UNREACHABLE_CODE = YES;
				CLANG_WARN__DUPLICATE_METHOD_MATCH = YES;
				COPY_PHASE_STRIP = NO;
				DEBUG_INFORMATION_FORMAT = dwarf;
				ENABLE_STRICT_OBJC_MSGSEND = YES;
				ENABLE_TESTABILITY = YES;
				ENABLE_USER_SCRIPT_SANDBOXING = YES;
				GCC_C_LANGUAGE_STANDARD = gnu17;
				GCC_DYNAMIC_NO_PIC = NO;
				GCC_NO_COMMON_BLOCKS = YES;
				GCC_OPTIMIZATION_LEVEL = 0;
				GCC_PREPROCESSOR_DEFINITIONS = (
					"DEBUG=1",
					"$(inherited)",
				);
				GCC_WARN_64_TO_32_BIT_CONVERSION = YES;
				GCC_WARN_ABOUT_RETURN_TYPE = YES_ERROR;
				GCC_WARN_UNDECLARED_SELECTOR = YES;
				GCC_WARN_UNINITIALIZED_AUTOS = YES_AGGRESSIVE;
				GCC_WARN_UNUSED_FUNCTION = YES;
				GCC_WARN_UNUSED_VARIABLE = YES;
				IPHONEOS_DEPLOYMENT_TARGET = 17.4;
				LOCALIZATION_PREFERS_STRING_CATALOGS = YES;
				MTL_ENABLE_DEBUG_INFO = INCLUDE_SOURCE;
				MTL_FAST_MATH = YES;
				ONLY_ACTIVE_ARCH = YES;
				SDKROOT = iphoneos;
				SWIFT_ACTIVE_COMPILATION_CONDITIONS = "DEBUG $(inherited)";
				SWIFT_OPTIMIZATION_LEVEL = "-Onone";
			};
			name = Debug;
		};
		A91986862BE2CB3E002CB350 /* Release */ = {
			isa = XCBuildConfiguration;
			buildSettings = {
				ALWAYS_SEARCH_USER_PATHS = NO;
				ASSETCATALOG_COMPILER_GENERATE_SWIFT_ASSET_SYMBOL_EXTENSIONS = YES;
				CLANG_ANALYZER_NONNULL = YES;
				CLANG_ANALYZER_NUMBER_OBJECT_CONVERSION = YES_AGGRESSIVE;
				CLANG_CXX_LANGUAGE_STANDARD = "gnu++20";
				CLANG_ENABLE_MODULES = YES;
				CLANG_ENABLE_OBJC_ARC = YES;
				CLANG_ENABLE_OBJC_WEAK = YES;
				CLANG_WARN_BLOCK_CAPTURE_AUTORELEASING = YES;
				CLANG_WARN_BOOL_CONVERSION = YES;
				CLANG_WARN_COMMA = YES;
				CLANG_WARN_CONSTANT_CONVERSION = YES;
				CLANG_WARN_DEPRECATED_OBJC_IMPLEMENTATIONS = YES;
				CLANG_WARN_DIRECT_OBJC_ISA_USAGE = YES_ERROR;
				CLANG_WARN_DOCUMENTATION_COMMENTS = YES;
				CLANG_WARN_EMPTY_BODY = YES;
				CLANG_WARN_ENUM_CONVERSION = YES;
				CLANG_WARN_INFINITE_RECURSION = YES;
				CLANG_WARN_INT_CONVERSION = YES;
				CLANG_WARN_NON_LITERAL_NULL_CONVERSION = YES;
				CLANG_WARN_OBJC_IMPLICIT_RETAIN_SELF = YES;
				CLANG_WARN_OBJC_LITERAL_CONVERSION = YES;
				CLANG_WARN_OBJC_ROOT_CLASS = YES_ERROR;
				CLANG_WARN_QUOTED_INCLUDE_IN_FRAMEWORK_HEADER = YES;
				CLANG_WARN_RANGE_LOOP_ANALYSIS = YES;
				CLANG_WARN_STRICT_PROTOTYPES = YES;
				CLANG_WARN_SUSPICIOUS_MOVE = YES;
				CLANG_WARN_UNGUARDED_AVAILABILITY = YES_AGGRESSIVE;
				CLANG_WARN_UNREACHABLE_CODE = YES;
				CLANG_WARN__DUPLICATE_METHOD_MATCH = YES;
				COPY_PHASE_STRIP = NO;
				DEBUG_INFORMATION_FORMAT = "dwarf-with-dsym";
				ENABLE_NS_ASSERTIONS = NO;
				ENABLE_STRICT_OBJC_MSGSEND = YES;
				ENABLE_USER_SCRIPT_SANDBOXING = YES;
				GCC_C_LANGUAGE_STANDARD = gnu17;
				GCC_NO_COMMON_BLOCKS = YES;
				GCC_WARN_64_TO_32_BIT_CONVERSION = YES;
				GCC_WARN_ABOUT_RETURN_TYPE = YES_ERROR;
				GCC_WARN_UNDECLARED_SELECTOR = YES;
				GCC_WARN_UNINITIALIZED_AUTOS = YES_AGGRESSIVE;
				GCC_WARN_UNUSED_FUNCTION = YES;
				GCC_WARN_UNUSED_VARIABLE = YES;
				IPHONEOS_DEPLOYMENT_TARGET = 17.4;
				LOCALIZATION_PREFERS_STRING_CATALOGS = YES;
				MTL_ENABLE_DEBUG_INFO = NO;
				MTL_FAST_MATH = YES;
				SDKROOT = iphoneos;
				SWIFT_COMPILATION_MODE = wholemodule;
				VALIDATE_PRODUCT = YES;
			};
			name = Release;
		};
		A91986882BE2CB3E002CB350 /* Debug */ = {
			isa = XCBuildConfiguration;
			buildSettings = {
				ASSETCATALOG_COMPILER_APPICON_NAME = AppIcon;
				ASSETCATALOG_COMPILER_GLOBAL_ACCENT_COLOR_NAME = AccentColor;
				CODE_SIGN_STYLE = Automatic;
				CURRENT_PROJECT_VERSION = 1;
				DEVELOPMENT_ASSET_PATHS = "\"Ejercicio02/Preview Content\"";
				ENABLE_PREVIEWS = YES;
				GENERATE_INFOPLIST_FILE = YES;
				INFOPLIST_KEY_UIApplicationSceneManifest_Generation = YES;
				INFOPLIST_KEY_UIApplicationSupportsIndirectInputEvents = YES;
				INFOPLIST_KEY_UILaunchScreen_Generation = YES;
				INFOPLIST_KEY_UISupportedInterfaceOrientations_iPad = "UIInterfaceOrientationPortrait UIInterfaceOrientationPortraitUpsideDown UIInterfaceOrientationLandscapeLeft UIInterfaceOrientationLandscapeRight";
				INFOPLIST_KEY_UISupportedInterfaceOrientations_iPhone = "UIInterfaceOrientationPortrait UIInterfaceOrientationLandscapeLeft UIInterfaceOrientationLandscapeRight";
				LD_RUNPATH_SEARCH_PATHS = (
					"$(inherited)",
					"@executable_path/Frameworks",
				);
				MARKETING_VERSION = 1.0;
				PRODUCT_BUNDLE_IDENTIFIER = Alejandro.Ejercicio02;
				PRODUCT_NAME = "$(TARGET_NAME)";
				SWIFT_EMIT_LOC_STRINGS = YES;
				SWIFT_VERSION = 5.0;
				TARGETED_DEVICE_FAMILY = "1,2";
			};
			name = Debug;
		};
		A91986892BE2CB3E002CB350 /* Release */ = {
			isa = XCBuildConfiguration;
			buildSettings = {
				ASSETCATALOG_COMPILER_APPICON_NAME = AppIcon;
				ASSETCATALOG_COMPILER_GLOBAL_ACCENT_COLOR_NAME = AccentColor;
				CODE_SIGN_STYLE = Automatic;
				CURRENT_PROJECT_VERSION = 1;
				DEVELOPMENT_ASSET_PATHS = "\"Ejercicio02/Preview Content\"";
				ENABLE_PREVIEWS = YES;
				GENERATE_INFOPLIST_FILE = YES;
				INFOPLIST_KEY_UIApplicationSceneManifest_Generation = YES;
				INFOPLIST_KEY_UIApplicationSupportsIndirectInputEvents = YES;
				INFOPLIST_KEY_UILaunchScreen_Generation = YES;
				INFOPLIST_KEY_UISupportedInterfaceOrientations_iPad = "UIInterfaceOrientationPortrait UIInterfaceOrientationPortraitUpsideDown UIInterfaceOrientationLandscapeLeft UIInterfaceOrientationLandscapeRight";
				INFOPLIST_KEY_UISupportedInterfaceOrientations_iPhone = "UIInterfaceOrientationPortrait UIInterfaceOrientationLandscapeLeft UIInterfaceOrientationLandscapeRight";
				LD_RUNPATH_SEARCH_PATHS = (
					"$(inherited)",
					"@executable_path/Frameworks",
				);
				MARKETING_VERSION = 1.0;
				PRODUCT_BUNDLE_IDENTIFIER = Alejandro.Ejercicio02;
				PRODUCT_NAME = "$(TARGET_NAME)";
				SWIFT_EMIT_LOC_STRINGS = YES;
				SWIFT_VERSION = 5.0;
				TARGETED_DEVICE_FAMILY = "1,2";
			};
			name = Release;
		};
		A919868B2BE2CB3E002CB350 /* Debug */ = {
			isa = XCBuildConfiguration;
			buildSettings = {
				ALWAYS_EMBED_SWIFT_STANDARD_LIBRARIES = YES;
				BUNDLE_LOADER = "$(TEST_HOST)";
				CODE_SIGN_STYLE = Automatic;
				CURRENT_PROJECT_VERSION = 1;
				GENERATE_INFOPLIST_FILE = YES;
				IPHONEOS_DEPLOYMENT_TARGET = 17.4;
				MARKETING_VERSION = 1.0;
				PRODUCT_BUNDLE_IDENTIFIER = Alejandro.Ejercicio02Tests;
				PRODUCT_NAME = "$(TARGET_NAME)";
				SWIFT_EMIT_LOC_STRINGS = NO;
				SWIFT_VERSION = 5.0;
				TARGETED_DEVICE_FAMILY = "1,2";
				TEST_HOST = "$(BUILT_PRODUCTS_DIR)/Ejercicio02.app/$(BUNDLE_EXECUTABLE_FOLDER_PATH)/Ejercicio02";
			};
			name = Debug;
		};
		A919868C2BE2CB3E002CB350 /* Release */ = {
			isa = XCBuildConfiguration;
			buildSettings = {
				ALWAYS_EMBED_SWIFT_STANDARD_LIBRARIES = YES;
				BUNDLE_LOADER = "$(TEST_HOST)";
				CODE_SIGN_STYLE = Automatic;
				CURRENT_PROJECT_VERSION = 1;
				GENERATE_INFOPLIST_FILE = YES;
				IPHONEOS_DEPLOYMENT_TARGET = 17.4;
				MARKETING_VERSION = 1.0;
				PRODUCT_BUNDLE_IDENTIFIER = Alejandro.Ejercicio02Tests;
				PRODUCT_NAME = "$(TARGET_NAME)";
				SWIFT_EMIT_LOC_STRINGS = NO;
				SWIFT_VERSION = 5.0;
				TARGETED_DEVICE_FAMILY = "1,2";
				TEST_HOST = "$(BUILT_PRODUCTS_DIR)/Ejercicio02.app/$(BUNDLE_EXECUTABLE_FOLDER_PATH)/Ejercicio02";
			};
			name = Release;
		};
		A919868E2BE2CB3E002CB350 /* Debug */ = {
			isa = XCBuildConfiguration;
			buildSettings = {
				ALWAYS_EMBED_SWIFT_STANDARD_LIBRARIES = YES;
				CODE_SIGN_STYLE = Automatic;
				CURRENT_PROJECT_VERSION = 1;
				GENERATE_INFOPLIST_FILE = YES;
				MARKETING_VERSION = 1.0;
				PRODUCT_BUNDLE_IDENTIFIER = Alejandro.Ejercicio02UITests;
				PRODUCT_NAME = "$(TARGET_NAME)";
				SWIFT_EMIT_LOC_STRINGS = NO;
				SWIFT_VERSION = 5.0;
				TARGETED_DEVICE_FAMILY = "1,2";
				TEST_TARGET_NAME = Ejercicio02;
			};
			name = Debug;
		};
		A919868F2BE2CB3E002CB350 /* Release */ = {
			isa = XCBuildConfiguration;
			buildSettings = {
				ALWAYS_EMBED_SWIFT_STANDARD_LIBRARIES = YES;
				CODE_SIGN_STYLE = Automatic;
				CURRENT_PROJECT_VERSION = 1;
				GENERATE_INFOPLIST_FILE = YES;
				MARKETING_VERSION = 1.0;
				PRODUCT_BUNDLE_IDENTIFIER = Alejandro.Ejercicio02UITests;
				PRODUCT_NAME = "$(TARGET_NAME)";
				SWIFT_EMIT_LOC_STRINGS = NO;
				SWIFT_VERSION = 5.0;
				TARGETED_DEVICE_FAMILY = "1,2";
				TEST_TARGET_NAME = Ejercicio02;
			};
			name = Release;
		};
/* End XCBuildConfiguration section */

/* Begin XCConfigurationList section */
		A919865E2BE2CB3C002CB350 /* Build configuration list for PBXProject "Ejercicio02" */ = {
			isa = XCConfigurationList;
			buildConfigurations = (
				A91986852BE2CB3E002CB350 /* Debug */,
				A91986862BE2CB3E002CB350 /* Release */,
			);
			defaultConfigurationIsVisible = 0;
			defaultConfigurationName = Release;
		};
		A91986872BE2CB3E002CB350 /* Build configuration list for PBXNativeTarget "Ejercicio02" */ = {
			isa = XCConfigurationList;
			buildConfigurations = (
				A91986882BE2CB3E002CB350 /* Debug */,
				A91986892BE2CB3E002CB350 /* Release */,
			);
			defaultConfigurationIsVisible = 0;
			defaultConfigurationName = Release;
		};
		A919868A2BE2CB3E002CB350 /* Build configuration list for PBXNativeTarget "Ejercicio02Tests" */ = {
			isa = XCConfigurationList;
			buildConfigurations = (
				A919868B2BE2CB3E002CB350 /* Debug */,
				A919868C2BE2CB3E002CB350 /* Release */,
			);
			defaultConfigurationIsVisible = 0;
			defaultConfigurationName = Release;
		};
		A919868D2BE2CB3E002CB350 /* Build configuration list for PBXNativeTarget "Ejercicio02UITests" */ = {
			isa = XCConfigurationList;
			buildConfigurations = (
				A919868E2BE2CB3E002CB350 /* Debug */,
				A919868F2BE2CB3E002CB350 /* Release */,
			);
			defaultConfigurationIsVisible = 0;
			defaultConfigurationName = Release;
		};
/* End XCConfigurationList section */
	};
	rootObject = A919865B2BE2CB3C002CB350 /* Project object */;
}
